<?xml version="1.0" encoding="UTF-8"?>
<CodeBlocks_project_file>
	<FileVersion major="1" minor="6"/>
	<Project>
		<Option title="TSEVision"/>
		<Option makefile_is_custom="1"/>
		<Option compiler="gcc"/>
		<Option virtualFolders="CMake Files\;CMake Files\..\;CMake Files\..\..\;CMake Files\..\..\Libraries\;CMake Files\..\..\Libraries\opencv\;CMake Files\..\..\Libraries\opencv\build\;"/>
		<Build>
			<Target title="all">
				<Option working_dir="/home/connor/Documents/Programming/CPP/Github/TSE-Vision"/>
				<Option type="4"/>
				<MakeCommands>
					<Build command="/usr/bin/make -f &quot;/home/connor/Documents/Programming/CPP/Github/TSE-Vision/Makefile&quot;  VERBOSE=1 all"/>
					<CompileFile command="/usr/bin/make -f &quot;/home/connor/Documents/Programming/CPP/Github/TSE-Vision/Makefile&quot;  VERBOSE=1 &quot;$file&quot;"/>
					<Clean command="/usr/bin/make -f &quot;/home/connor/Documents/Programming/CPP/Github/TSE-Vision/Makefile&quot;  VERBOSE=1 clean"/>
					<DistClean command="/usr/bin/make -f &quot;/home/connor/Documents/Programming/CPP/Github/TSE-Vision/Makefile&quot;  VERBOSE=1 clean"/>
				</MakeCommands>
			</Target>
			<Target title="rebuild_cache">
				<Option working_dir="/home/connor/Documents/Programming/CPP/Github/TSE-Vision"/>
				<Option type="4"/>
				<MakeCommands>
					<Build command="/usr/bin/make -f &quot;/home/connor/Documents/Programming/CPP/Github/TSE-Vision/Makefile&quot;  VERBOSE=1 rebuild_cache"/>
					<CompileFile command="/usr/bin/make -f &quot;/home/connor/Documents/Programming/CPP/Github/TSE-Vision/Makefile&quot;  VERBOSE=1 &quot;$file&quot;"/>
					<Clean command="/usr/bin/make -f &quot;/home/connor/Documents/Programming/CPP/Github/TSE-Vision/Makefile&quot;  VERBOSE=1 clean"/>
					<DistClean command="/usr/bin/make -f &quot;/home/connor/Documents/Programming/CPP/Github/TSE-Vision/Makefile&quot;  VERBOSE=1 clean"/>
				</MakeCommands>
			</Target>
			<Target title="vision">
				<Option output="/home/connor/Documents/Programming/CPP/Github/TSE-Vision/vision" prefix_auto="0" extension_auto="0"/>
				<Option working_dir="/home/connor/Documents/Programming/CPP/Github/TSE-Vision"/>
				<Option object_output="./"/>
				<Option type="1"/>
				<Option compiler="gcc"/>
				<Compiler>
					<Add directory="/home/connor/Documents/Programming/CPP/Github/TSE-Vision/OpenCV_INCLUDE_DIRS"/>
					<Add directory="/home/connor/Documents/Programming/CPP/Github/TSE-Vision/dependencies"/>
					<Add directory="/home/connor/Documents/Programming/CPP/Libraries/opencv/build"/>
					<Add directory="/home/connor/Documents/Programming/CPP/Libraries/opencv/include"/>
					<Add directory="/home/connor/Documents/Programming/CPP/Libraries/opencv/modules/core/include"/>
					<Add directory="/home/connor/Documents/Programming/CPP/Libraries/opencv/modules/flann/include"/>
					<Add directory="/home/connor/Documents/Programming/CPP/Libraries/opencv/modules/imgproc/include"/>
					<Add directory="/home/connor/Documents/Programming/CPP/Libraries/opencv/modules/ml/include"/>
					<Add directory="/home/connor/Documents/Programming/CPP/Libraries/opencv/modules/photo/include"/>
					<Add directory="/home/connor/Documents/Programming/CPP/Libraries/opencv/modules/dnn/include"/>
					<Add directory="/home/connor/Documents/Programming/CPP/Libraries/opencv/modules/features2d/include"/>
					<Add directory="/home/connor/Documents/Programming/CPP/Libraries/opencv/modules/gapi/include"/>
					<Add directory="/home/connor/Documents/Programming/CPP/Libraries/opencv/modules/imgcodecs/include"/>
					<Add directory="/home/connor/Documents/Programming/CPP/Libraries/opencv/modules/videoio/include"/>
					<Add directory="/home/connor/Documents/Programming/CPP/Libraries/opencv/modules/calib3d/include"/>
					<Add directory="/home/connor/Documents/Programming/CPP/Libraries/opencv/modules/highgui/include"/>
					<Add directory="/home/connor/Documents/Programming/CPP/Libraries/opencv/modules/objdetect/include"/>
					<Add directory="/home/connor/Documents/Programming/CPP/Libraries/opencv/modules/stitching/include"/>
					<Add directory="/home/connor/Documents/Programming/CPP/Libraries/opencv/modules/ts/include"/>
					<Add directory="/home/connor/Documents/Programming/CPP/Libraries/opencv/modules/video/include"/>
				</Compiler>
				<MakeCommands>
					<Build command="/usr/bin/make -f &quot;/home/connor/Documents/Programming/CPP/Github/TSE-Vision/Makefile&quot;  VERBOSE=1 vision"/>
					<CompileFile command="/usr/bin/make -f &quot;/home/connor/Documents/Programming/CPP/Github/TSE-Vision/Makefile&quot;  VERBOSE=1 &quot;$file&quot;"/>
					<Clean command="/usr/bin/make -f &quot;/home/connor/Documents/Programming/CPP/Github/TSE-Vision/Makefile&quot;  VERBOSE=1 clean"/>
					<DistClean command="/usr/bin/make -f &quot;/home/connor/Documents/Programming/CPP/Github/TSE-Vision/Makefile&quot;  VERBOSE=1 clean"/>
				</MakeCommands>
			</Target>
			<Target title="vision/fast">
				<Option output="/home/connor/Documents/Programming/CPP/Github/TSE-Vision/vision" prefix_auto="0" extension_auto="0"/>
				<Option working_dir="/home/connor/Documents/Programming/CPP/Github/TSE-Vision"/>
				<Option object_output="./"/>
				<Option type="1"/>
				<Option compiler="gcc"/>
				<Compiler>
					<Add directory="/home/connor/Documents/Programming/CPP/Github/TSE-Vision/OpenCV_INCLUDE_DIRS"/>
					<Add directory="/home/connor/Documents/Programming/CPP/Github/TSE-Vision/dependencies"/>
					<Add directory="/home/connor/Documents/Programming/CPP/Libraries/opencv/build"/>
					<Add directory="/home/connor/Documents/Programming/CPP/Libraries/opencv/include"/>
					<Add directory="/home/connor/Documents/Programming/CPP/Libraries/opencv/modules/core/include"/>
					<Add directory="/home/connor/Documents/Programming/CPP/Libraries/opencv/modules/flann/include"/>
					<Add directory="/home/connor/Documents/Programming/CPP/Libraries/opencv/modules/imgproc/include"/>
					<Add directory="/home/connor/Documents/Programming/CPP/Libraries/opencv/modules/ml/include"/>
					<Add directory="/home/connor/Documents/Programming/CPP/Libraries/opencv/modules/photo/include"/>
					<Add directory="/home/connor/Documents/Programming/CPP/Libraries/opencv/modules/dnn/include"/>
					<Add directory="/home/connor/Documents/Programming/CPP/Libraries/opencv/modules/features2d/include"/>
					<Add directory="/home/connor/Documents/Programming/CPP/Libraries/opencv/modules/gapi/include"/>
					<Add directory="/home/connor/Documents/Programming/CPP/Libraries/opencv/modules/imgcodecs/include"/>
					<Add directory="/home/connor/Documents/Programming/CPP/Libraries/opencv/modules/videoio/include"/>
					<Add directory="/home/connor/Documents/Programming/CPP/Libraries/opencv/modules/calib3d/include"/>
					<Add directory="/home/connor/Documents/Programming/CPP/Libraries/opencv/modules/highgui/include"/>
					<Add directory="/home/connor/Documents/Programming/CPP/Libraries/opencv/modules/objdetect/include"/>
					<Add directory="/home/connor/Documents/Programming/CPP/Libraries/opencv/modules/stitching/include"/>
					<Add directory="/home/connor/Documents/Programming/CPP/Libraries/opencv/modules/ts/include"/>
					<Add directory="/home/connor/Documents/Programming/CPP/Libraries/opencv/modules/video/include"/>
				</Compiler>
				<MakeCommands>
					<Build command="/usr/bin/make -f &quot;/home/connor/Documents/Programming/CPP/Github/TSE-Vision/Makefile&quot;  VERBOSE=1 vision/fast"/>
					<CompileFile command="/usr/bin/make -f &quot;/home/connor/Documents/Programming/CPP/Github/TSE-Vision/Makefile&quot;  VERBOSE=1 &quot;$file&quot;"/>
					<Clean command="/usr/bin/make -f &quot;/home/connor/Documents/Programming/CPP/Github/TSE-Vision/Makefile&quot;  VERBOSE=1 clean"/>
					<DistClean command="/usr/bin/make -f &quot;/home/connor/Documents/Programming/CPP/Github/TSE-Vision/Makefile&quot;  VERBOSE=1 clean"/>
				</MakeCommands>
			</Target>
			<Target title="edit_cache">
				<Option working_dir="/home/connor/Documents/Programming/CPP/Github/TSE-Vision"/>
				<Option type="4"/>
				<MakeCommands>
					<Build command="/usr/bin/make -f &quot;/home/connor/Documents/Programming/CPP/Github/TSE-Vision/Makefile&quot;  VERBOSE=1 edit_cache"/>
					<CompileFile command="/usr/bin/make -f &quot;/home/connor/Documents/Programming/CPP/Github/TSE-Vision/Makefile&quot;  VERBOSE=1 &quot;$file&quot;"/>
					<Clean command="/usr/bin/make -f &quot;/home/connor/Documents/Programming/CPP/Github/TSE-Vision/Makefile&quot;  VERBOSE=1 clean"/>
					<DistClean command="/usr/bin/make -f &quot;/home/connor/Documents/Programming/CPP/Github/TSE-Vision/Makefile&quot;  VERBOSE=1 clean"/>
				</MakeCommands>
			</Target>
		</Build>
		<Unit filename="/home/connor/Documents/Programming/CPP/Github/TSE-Vision/src/application.cpp">
			<Option target="vision"/>
		</Unit>
		<Unit filename="/home/connor/Documents/Programming/CPP/Github/TSE-Vision/src/application.h">
			<Option target="vision"/>
		</Unit>
		<Unit filename="/home/connor/Documents/Programming/CPP/Github/TSE-Vision/src/debugTools/renderer.cpp">
			<Option target="vision"/>
		</Unit>
		<Unit filename="/home/connor/Documents/Programming/CPP/Github/TSE-Vision/src/debugTools/renderer.h">
			<Option target="vision"/>
		</Unit>
		<Unit filename="/home/connor/Documents/Programming/CPP/Github/TSE-Vision/src/main.cpp">
			<Option target="vision"/>
		</Unit>
		<Unit filename="/home/connor/Documents/Programming/CPP/Github/TSE-Vision/src/vision/camera.cpp">
			<Option target="vision"/>
		</Unit>
		<Unit filename="/home/connor/Documents/Programming/CPP/Github/TSE-Vision/src/vision/camera.h">
			<Option target="vision"/>
		</Unit>
		<Unit filename="/home/connor/Documents/Programming/CPP/Github/TSE-Vision/src/vision/detector.cpp">
			<Option target="vision"/>
		</Unit>
		<Unit filename="/home/connor/Documents/Programming/CPP/Github/TSE-Vision/src/vision/detector.h">
			<Option target="vision"/>
		</Unit>
		<Unit filename="/home/connor/Documents/Programming/CPP/Github/TSE-Vision/CMakeLists.txt">
			<Option virtualFolder="CMake Files\"/>
		</Unit>
		<Unit filename="/home/connor/Documents/Programming/CPP/Github/TSE-Vision/../../Libraries/opencv/build/OpenCVConfig-version.cmake">
			<Option virtualFolder="CMake Files\..\..\Libraries\opencv\build\"/>
		</Unit>
		<Unit filename="/home/connor/Documents/Programming/CPP/Github/TSE-Vision/../../Libraries/opencv/build/OpenCVConfig.cmake">
			<Option virtualFolder="CMake Files\..\..\Libraries\opencv\build\"/>
		</Unit>
		<Unit filename="/home/connor/Documents/Programming/CPP/Github/TSE-Vision/../../Libraries/opencv/build/OpenCVModules.cmake">
			<Option virtualFolder="CMake Files\..\..\Libraries\opencv\build\"/>
		</Unit>
	</Project>
</CodeBlocks_project_file>
